Microsoft Visual Studio Solution File, Format Version 12.00
# Visual Studio Version 17
VisualStudioVersion = 17.5.2.0
MinimumVisualStudioVersion = 10.0.40219.1
Project("{FAE04EC0-301F-11D3-BF4B-00C04F79EFBC}") = "AwsCertPractice", "AwsCertPractice.csproj", "{791C1B67-8E8E-9993-DD86-E4AAF4E51D16}"
EndProject
Global
	GlobalSection(SolutionConfigurationPlatforms) = preSolution
		Debug|Any CPU = Debug|Any CPU
		Release|Any CPU = Release|Any CPU
	EndGlobalSection
	GlobalSection(ProjectConfigurationPlatforms) = postSolution
		{791C1B67-8E8E-9993-DD86-E4AAF4E51D16}.Debug|Any CPU.ActiveCfg = Debug|Any CPU
		{791C1B67-8E8E-9993-DD86-E4AAF4E51D16}.Debug|Any CPU.Build.0 = Debug|Any CPU
		{791C1B67-8E8E-9993-DD86-E4AAF4E51D16}.Release|Any CPU.ActiveCfg = Release|Any CPU
		{791C1B67-8E8E-9993-DD86-E4AAF4E51D16}.Release|Any CPU.Build.0 = Release|Any CPU
	EndGlobalSection
	GlobalSection(SolutionProperties) = preSolution
		HideSolutionNode = FALSE
	EndGlobalSection
	GlobalSection(ExtensibilityGlobals) = postSolution
		SolutionGuid = {AD2280E8-B776-4D17-B91E-361F239CD21C}
	EndGlobalSection
EndGlobal
